<?xml version="1.0" encoding="utf-8"?>
<Project ToolsVersion="4.0" xmlns="http://schemas.microsoft.com/developer/msbuild/2003">
  <ItemGroup>
    <ClCompile Include="main.cpp" />
    <ClCompile Include="Game.cpp" />
    <ClCompile Include="Timer.cpp" />
    <ClCompile Include="Scene.cpp">
      <Filter>Scene</Filter>
    </ClCompile>
    <ClCompile Include="SceneTitle.cpp">
      <Filter>Scene</Filter>
    </ClCompile>
    <ClCompile Include="SceneSelect.cpp">
      <Filter>Scene</Filter>
    </ClCompile>
    <ClCompile Include="SceneStage.cpp">
      <Filter>Scene</Filter>
    </ClCompile>
    <ClCompile Include="SceneResult.cpp">
      <Filter>Scene</Filter>
    </ClCompile>
    <ClCompile Include="AppCamera.cpp" />
    <ClCompile Include="AppStage.cpp" />
    <ClCompile Include="Crystal.cpp" />
    <ClCompile Include="Roomba.cpp" />
    <ClCompile Include="Ball.cpp" />
    <ClCompile Include="Viewer.cpp" />
    <ClCompile Include="Delivery.cpp" />
    <ClCompile Include="Laser.cpp" />
    <ClCompile Include="SceneGameOver.cpp">
      <Filter>Scene</Filter>
    </ClCompile>
    <ClCompile Include="Shadow.cpp" />
  </ItemGroup>
  <ItemGroup>
    <ClInclude Include="Game.h" />
    <ClInclude Include="Timer.h" />
    <ClInclude Include="Scene.h">
      <Filter>Scene</Filter>
    </ClInclude>
    <ClInclude Include="SceneTitle.h">
      <Filter>Scene</Filter>
    </ClInclude>
    <ClInclude Include="SceneSelect.h">
      <Filter>Scene</Filter>
    </ClInclude>
    <ClInclude Include="SceneStage.h">
      <Filter>Scene</Filter>
    </ClInclude>
    <ClInclude Include="SceneResult.h">
      <Filter>Scene</Filter>
    </ClInclude>
    <ClInclude Include="AppCamera.h" />
    <ClInclude Include="AppStage.h" />
    <ClInclude Include="Ball.h" />
    <ClInclude Include="Crystal.h" />
    <ClInclude Include="Roomba.h" />
    <ClInclude Include="Viewer.h" />
    <ClInclude Include="Delivery.h" />
    <ClInclude Include="Laser.h" />
    <ClInclude Include="SceneGameOver.h">
      <Filter>Scene</Filter>
    </ClInclude>
    <ClInclude Include="Shadow.h" />
  </ItemGroup>
  <ItemGroup>
    <Filter Include="Scene">
      <UniqueIdentifier>{5077b529-d3fa-47e7-a2a3-b9361efe95a9}</UniqueIdentifier>
    </Filter>
  </ItemGroup>
</Project>