<?xml version="1.0" encoding="utf-8"?>
<Project ToolsVersion="4.0" xmlns="http://schemas.microsoft.com/developer/msbuild/2003">
  <ItemGroup>
    <ClCompile Include="main.cpp" />
    <ClCompile Include="Game.cpp" />
    <ClCompile Include="Camera.cpp" />
    <ClCompile Include="Stage.cpp" />
    <ClCompile Include="Crystal.cpp" />
    <ClCompile Include="Roomba.cpp" />
    <ClCompile Include="Ball.cpp" />
    <ClCompile Include="Timer.cpp" />
  </ItemGroup>
  <ItemGroup>
    <ClInclude Include="Game.h" />
    <ClInclude Include="Camera.h" />
    <ClInclude Include="define.h" />
    <ClInclude Include="Stage.h" />
    <ClInclude Include="Crystal.h" />
    <ClInclude Include="Roomba.h" />
    <ClInclude Include="Ball.h" />
    <ClInclude Include="Timer.h" />
  </ItemGroup>
</Project>