
Microsoft Visual Studio Solution File, Format Version 12.00
# Visual Studio 14
VisualStudioVersion = 14.0.25420.1
MinimumVisualStudioVersion = 10.0.40219.1
Project("{8BC9CEB8-8B4A-11D0-8D11-00A0C91BC942}") = "App", "App\App.vcxproj", "{3840C490-CF84-4B51-BCDB-CAFA10D7642B}"
	ProjectSection(ProjectDependencies) = postProject
		{5EE8C2EE-5877-4647-BB7C-6BC53C390DE4} = {5EE8C2EE-5877-4647-BB7C-6BC53C390DE4}
	EndProjectSection
EndProject
Project("{8BC9CEB8-8B4A-11D0-8D11-00A0C91BC942}") = "Common", "Common\Common.vcxproj", "{77A2FD59-2FD6-4BD9-B59D-2F3809C92599}"
EndProject
Project("{8BC9CEB8-8B4A-11D0-8D11-00A0C91BC942}") = "Framework2017", "..\..\Framework2017\Framework2017.vcxproj", "{5EE8C2EE-5877-4647-BB7C-6BC53C390DE4}"
EndProject
Project("{8BC9CEB8-8B4A-11D0-8D11-00A0C91BC942}") = "StageEditor", "StageEditor\StageEditor.vcxproj", "{B7B3B21E-8830-467A-86EE-71D487B95FB5}"
EndProject
Global
	GlobalSection(SolutionConfigurationPlatforms) = preSolution
		Debug|x64 = Debug|x64
		Debug|x86 = Debug|x86
		Release|x64 = Release|x64
		Release|x86 = Release|x86
	EndGlobalSection
	GlobalSection(ProjectConfigurationPlatforms) = postSolution
		{3840C490-CF84-4B51-BCDB-CAFA10D7642B}.Debug|x64.ActiveCfg = Debug|x64
		{3840C490-CF84-4B51-BCDB-CAFA10D7642B}.Debug|x64.Build.0 = Debug|x64
		{3840C490-CF84-4B51-BCDB-CAFA10D7642B}.Debug|x86.ActiveCfg = Debug|Win32
		{3840C490-CF84-4B51-BCDB-CAFA10D7642B}.Debug|x86.Build.0 = Debug|Win32
		{3840C490-CF84-4B51-BCDB-CAFA10D7642B}.Release|x64.ActiveCfg = Release|x64
		{3840C490-CF84-4B51-BCDB-CAFA10D7642B}.Release|x64.Build.0 = Release|x64
		{3840C490-CF84-4B51-BCDB-CAFA10D7642B}.Release|x86.ActiveCfg = Release|Win32
		{3840C490-CF84-4B51-BCDB-CAFA10D7642B}.Release|x86.Build.0 = Release|Win32
		{77A2FD59-2FD6-4BD9-B59D-2F3809C92599}.Debug|x64.ActiveCfg = Debug|x64
		{77A2FD59-2FD6-4BD9-B59D-2F3809C92599}.Debug|x64.Build.0 = Debug|x64
		{77A2FD59-2FD6-4BD9-B59D-2F3809C92599}.Debug|x86.ActiveCfg = Debug|Win32
		{77A2FD59-2FD6-4BD9-B59D-2F3809C92599}.Debug|x86.Build.0 = Debug|Win32
		{77A2FD59-2FD6-4BD9-B59D-2F3809C92599}.Release|x64.ActiveCfg = Release|x64
		{77A2FD59-2FD6-4BD9-B59D-2F3809C92599}.Release|x64.Build.0 = Release|x64
		{77A2FD59-2FD6-4BD9-B59D-2F3809C92599}.Release|x86.ActiveCfg = Release|Win32
		{77A2FD59-2FD6-4BD9-B59D-2F3809C92599}.Release|x86.Build.0 = Release|Win32
		{5EE8C2EE-5877-4647-BB7C-6BC53C390DE4}.Debug|x64.ActiveCfg = Debug|Win32
		{5EE8C2EE-5877-4647-BB7C-6BC53C390DE4}.Debug|x86.ActiveCfg = Debug|Win32
		{5EE8C2EE-5877-4647-BB7C-6BC53C390DE4}.Debug|x86.Build.0 = Debug|Win32
		{5EE8C2EE-5877-4647-BB7C-6BC53C390DE4}.Release|x64.ActiveCfg = Release|Win32
		{5EE8C2EE-5877-4647-BB7C-6BC53C390DE4}.Release|x86.ActiveCfg = Release|Win32
		{5EE8C2EE-5877-4647-BB7C-6BC53C390DE4}.Release|x86.Build.0 = Release|Win32
		{B7B3B21E-8830-467A-86EE-71D487B95FB5}.Debug|x64.ActiveCfg = Debug|x64
		{B7B3B21E-8830-467A-86EE-71D487B95FB5}.Debug|x64.Build.0 = Debug|x64
		{B7B3B21E-8830-467A-86EE-71D487B95FB5}.Debug|x86.ActiveCfg = Debug|Win32
		{B7B3B21E-8830-467A-86EE-71D487B95FB5}.Debug|x86.Build.0 = Debug|Win32
		{B7B3B21E-8830-467A-86EE-71D487B95FB5}.Release|x64.ActiveCfg = Release|x64
		{B7B3B21E-8830-467A-86EE-71D487B95FB5}.Release|x64.Build.0 = Release|x64
		{B7B3B21E-8830-467A-86EE-71D487B95FB5}.Release|x86.ActiveCfg = Release|Win32
		{B7B3B21E-8830-467A-86EE-71D487B95FB5}.Release|x86.Build.0 = Release|Win32
	EndGlobalSection
	GlobalSection(SolutionProperties) = preSolution
		HideSolutionNode = FALSE
	EndGlobalSection
EndGlobal
